
Microsoft Visual Studio Solution File, Format Version 12.00
# Visual Studio Version 17
VisualStudioVersion = 17.4.33213.308
MinimumVisualStudioVersion = 10.0.40219.1
Project("{FAE04EC0-301F-11D3-BF4B-00C04F79EFBC}") = "Game2", "Game2\Game2.csproj", "{01C80FB5-B0C4-4028-87F4-EBFBE5348B8D}"
EndProject
Global
	GlobalSection(SolutionConfigurationPlatforms) = preSolution
		Debug|Any CPU = Debug|Any CPU
		Release|Any CPU = Release|Any CPU
	EndGlobalSection
	GlobalSection(ProjectConfigurationPlatforms) = postSolution
		{01C80FB5-B0C4-4028-87F4-EBFBE5348B8D}.Debug|Any CPU.ActiveCfg = Debug|Any CPU
		{01C80FB5-B0C4-4028-87F4-EBFBE5348B8D}.Debug|Any CPU.Build.0 = Debug|Any CPU
		{01C80FB5-B0C4-4028-87F4-EBFBE5348B8D}.Release|Any CPU.ActiveCfg = Release|Any CPU
		{01C80FB5-B0C4-4028-87F4-EBFBE5348B8D}.Release|Any CPU.Build.0 = Release|Any CPU
	EndGlobalSection
	GlobalSection(SolutionProperties) = preSolution
		HideSolutionNode = FALSE
	EndGlobalSection
	GlobalSection(ExtensibilityGlobals) = postSolution
		SolutionGuid = {CC178B8B-F6AE-49F7-8296-632D0436FA51}
	EndGlobalSection
EndGlobal
